
Microsoft Visual Studio Solution File, Format Version 12.00
# Visual Studio 15
VisualStudioVersion = 15.0.27130.2020
MinimumVisualStudioVersion = 10.0.40219.1
Project("{FAE04EC0-301F-11D3-BF4B-00C04F79EFBC}") = "AFV1", "src\AFV1\AFV1.csproj", "{494831BE-998E-4690-9198-41D5DA5E22B3}"
EndProject
Project("{9A19103F-16F7-4668-BE54-9A1E7A4F7556}") = "AFV2", "src\AFV2\AFV2.csproj", "{1B61E7DE-CFAD-466A-B209-48B1BC35D312}"
EndProject
Global
	GlobalSection(SolutionConfigurationPlatforms) = preSolution
		Debug|Any CPU = Debug|Any CPU
		Release|Any CPU = Release|Any CPU
	EndGlobalSection
	GlobalSection(ProjectConfigurationPlatforms) = postSolution
		{494831BE-998E-4690-9198-41D5DA5E22B3}.Debug|Any CPU.ActiveCfg = Debug|Any CPU
		{494831BE-998E-4690-9198-41D5DA5E22B3}.Debug|Any CPU.Build.0 = Debug|Any CPU
		{494831BE-998E-4690-9198-41D5DA5E22B3}.Release|Any CPU.ActiveCfg = Release|Any CPU
		{494831BE-998E-4690-9198-41D5DA5E22B3}.Release|Any CPU.Build.0 = Release|Any CPU
		{1B61E7DE-CFAD-466A-B209-48B1BC35D312}.Debug|Any CPU.ActiveCfg = Debug|Any CPU
		{1B61E7DE-CFAD-466A-B209-48B1BC35D312}.Debug|Any CPU.Build.0 = Debug|Any CPU
		{1B61E7DE-CFAD-466A-B209-48B1BC35D312}.Release|Any CPU.ActiveCfg = Release|Any CPU
		{1B61E7DE-CFAD-466A-B209-48B1BC35D312}.Release|Any CPU.Build.0 = Release|Any CPU
	EndGlobalSection
	GlobalSection(SolutionProperties) = preSolution
		HideSolutionNode = FALSE
	EndGlobalSection
	GlobalSection(ExtensibilityGlobals) = postSolution
		SolutionGuid = {D87C9C28-4B82-4CA8-89F9-B0F2387CAB46}
	EndGlobalSection
EndGlobal
